
Microsoft Visual Studio Solution File, Format Version 12.00
# Visual Studio Version 17
VisualStudioVersion = 17.13.35806.99
MinimumVisualStudioVersion = 10.0.40219.1
Project("{FAE04EC0-301F-11D3-BF4B-00C04F79EFBC}") = "GymMembership.API", "GymMembership\GymMembership.API.csproj", "{85624C5A-E20D-4B1A-A06B-5C12ADBB0729}"
EndProject
Project("{FAE04EC0-301F-11D3-BF4B-00C04F79EFBC}") = "GymMembership.SERVICE", "GymMembership.SERVICE\GymMembership.SERVICE.csproj", "{EF062FCF-BFC2-40DF-BDF1-0D173E154153}"
EndProject
Project("{FAE04EC0-301F-11D3-BF4B-00C04F79EFBC}") = "GymMembership.DAL", "GymMembership.DAL\GymMembership.DAL.csproj", "{60759AC7-C309-45B7-B8A6-ECDB9DC9F5ED}"
EndProject
Project("{FAE04EC0-301F-11D3-BF4B-00C04F79EFBC}") = "GymMembership.DATA", "GymMembership.DATA\GymMembership.DATA.csproj", "{7330E530-BF22-4DA3-96D2-52C8A8552237}"
EndProject
Global
	GlobalSection(SolutionConfigurationPlatforms) = preSolution
		Debug|Any CPU = Debug|Any CPU
		Release|Any CPU = Release|Any CPU
	EndGlobalSection
	GlobalSection(ProjectConfigurationPlatforms) = postSolution
		{85624C5A-E20D-4B1A-A06B-5C12ADBB0729}.Debug|Any CPU.ActiveCfg = Debug|Any CPU
		{85624C5A-E20D-4B1A-A06B-5C12ADBB0729}.Debug|Any CPU.Build.0 = Debug|Any CPU
		{85624C5A-E20D-4B1A-A06B-5C12ADBB0729}.Release|Any CPU.ActiveCfg = Release|Any CPU
		{85624C5A-E20D-4B1A-A06B-5C12ADBB0729}.Release|Any CPU.Build.0 = Release|Any CPU
		{EF062FCF-BFC2-40DF-BDF1-0D173E154153}.Debug|Any CPU.ActiveCfg = Debug|Any CPU
		{EF062FCF-BFC2-40DF-BDF1-0D173E154153}.Debug|Any CPU.Build.0 = Debug|Any CPU
		{EF062FCF-BFC2-40DF-BDF1-0D173E154153}.Release|Any CPU.ActiveCfg = Release|Any CPU
		{EF062FCF-BFC2-40DF-BDF1-0D173E154153}.Release|Any CPU.Build.0 = Release|Any CPU
		{60759AC7-C309-45B7-B8A6-ECDB9DC9F5ED}.Debug|Any CPU.ActiveCfg = Debug|Any CPU
		{60759AC7-C309-45B7-B8A6-ECDB9DC9F5ED}.Debug|Any CPU.Build.0 = Debug|Any CPU
		{60759AC7-C309-45B7-B8A6-ECDB9DC9F5ED}.Release|Any CPU.ActiveCfg = Release|Any CPU
		{60759AC7-C309-45B7-B8A6-ECDB9DC9F5ED}.Release|Any CPU.Build.0 = Release|Any CPU
		{7330E530-BF22-4DA3-96D2-52C8A8552237}.Debug|Any CPU.ActiveCfg = Debug|Any CPU
		{7330E530-BF22-4DA3-96D2-52C8A8552237}.Debug|Any CPU.Build.0 = Debug|Any CPU
		{7330E530-BF22-4DA3-96D2-52C8A8552237}.Release|Any CPU.ActiveCfg = Release|Any CPU
		{7330E530-BF22-4DA3-96D2-52C8A8552237}.Release|Any CPU.Build.0 = Release|Any CPU
	EndGlobalSection
	GlobalSection(SolutionProperties) = preSolution
		HideSolutionNode = FALSE
	EndGlobalSection
	GlobalSection(ExtensibilityGlobals) = postSolution
		SolutionGuid = {FAB42B7F-D559-4FA0-AA94-D754FD73AE5C}
	EndGlobalSection
EndGlobal
